// !$*UTF8*$!
{
	archiveVersion = 1;
	classes = {
	};
	objectVersion = 56;
	objects = {

/* Begin PBXBuildFile section */
		0DBD26892A907A60004975C4 /* AppDelegate.swift in Sources */ = {isa = PBXBuildFile; fileRef = 0DBD26882A907A60004975C4 /* AppDelegate.swift */; };
		0DBD268B2A907A60004975C4 /* SceneDelegate.swift in Sources */ = {isa = PBXBuildFile; fileRef = 0DBD268A2A907A60004975C4 /* SceneDelegate.swift */; };
		0DBD268D2A907A60004975C4 /* ViewController.swift in Sources */ = {isa = PBXBuildFile; fileRef = 0DBD268C2A907A60004975C4 /* ViewController.swift */; };
		0DBD26922A907A61004975C4 /* Assets.xcassets in Resources */ = {isa = PBXBuildFile; fileRef = 0DBD26912A907A61004975C4 /* Assets.xcassets */; };
		0DBD26952A907A61004975C4 /* LaunchScreen.storyboard in Resources */ = {isa = PBXBuildFile; fileRef = 0DBD26932A907A61004975C4 /* LaunchScreen.storyboard */; };
		0DBD26A32A907DE3004975C4 /* UIButton+.swift in Sources */ = {isa = PBXBuildFile; fileRef = 0DBD26A22A907DE3004975C4 /* UIButton+.swift */; };
		0DBD26A52A907DF3004975C4 /* UICollectionView+.swift in Sources */ = {isa = PBXBuildFile; fileRef = 0DBD26A42A907DF3004975C4 /* UICollectionView+.swift */; };
		0DBD26A72A907EE8004975C4 /* UIConstant.swift in Sources */ = {isa = PBXBuildFile; fileRef = 0DBD26A62A907EE8004975C4 /* UIConstant.swift */; };
		0DBD26A92A907F2C004975C4 /* UIWindow+.swift in Sources */ = {isa = PBXBuildFile; fileRef = 0DBD26A82A907F2C004975C4 /* UIWindow+.swift */; };
		0DBD26AB2A907F3E004975C4 /* UITableView+.swift in Sources */ = {isa = PBXBuildFile; fileRef = 0DBD26AA2A907F3E004975C4 /* UITableView+.swift */; };
		0DBD26AE2A908082004975C4 /* Collection+.swift in Sources */ = {isa = PBXBuildFile; fileRef = 0DBD26AD2A908082004975C4 /* Collection+.swift */; };
		0DBD26B02A908094004975C4 /* Int+.swift in Sources */ = {isa = PBXBuildFile; fileRef = 0DBD26AF2A908094004975C4 /* Int+.swift */; };
		0DBD26B22A9080A8004975C4 /* NSMutableAttributedString+.swift in Sources */ = {isa = PBXBuildFile; fileRef = 0DBD26B12A9080A8004975C4 /* NSMutableAttributedString+.swift */; };
		0DBD26B42A9080B4004975C4 /* Notification+.swift in Sources */ = {isa = PBXBuildFile; fileRef = 0DBD26B32A9080B4004975C4 /* Notification+.swift */; };
		0DBD26B72A90975A004975C4 /* Kingfisher in Frameworks */ = {isa = PBXBuildFile; productRef = 0DBD26B62A90975A004975C4 /* Kingfisher */; };
		0DBD26BA2A909780004975C4 /* Then in Frameworks */ = {isa = PBXBuildFile; productRef = 0DBD26B92A909780004975C4 /* Then */; };
		0DBD26BD2A909796004975C4 /* SnapKit in Frameworks */ = {isa = PBXBuildFile; productRef = 0DBD26BC2A909796004975C4 /* SnapKit */; };
		0DBD26C02A909816004975C4 /* Alamofire in Frameworks */ = {isa = PBXBuildFile; productRef = 0DBD26BF2A909816004975C4 /* Alamofire */; };
		3B458BCF2A90A544003DAAD8 /* UIApplication+.swift in Sources */ = {isa = PBXBuildFile; fileRef = 3B458BCE2A90A544003DAAD8 /* UIApplication+.swift */; };
		0DEA9E882A909ACE002110CF /* UIImage+.swift in Sources */ = {isa = PBXBuildFile; fileRef = 0DEA9E872A909ACE002110CF /* UIImage+.swift */; };
		0DEA9E8C2A90A39F002110CF /* MainTabBarController.swift in Sources */ = {isa = PBXBuildFile; fileRef = 0DEA9E8B2A90A39F002110CF /* MainTabBarController.swift */; };
		0DEA9E8E2A90A400002110CF /* MainTab.swift in Sources */ = {isa = PBXBuildFile; fileRef = 0DEA9E8D2A90A400002110CF /* MainTab.swift */; };
/* End PBXBuildFile section */

/* Begin PBXFileReference section */
		0DBD26852A907A60004975C4 /* PinkHacker.app */ = {isa = PBXFileReference; explicitFileType = wrapper.application; includeInIndex = 0; path = PinkHacker.app; sourceTree = BUILT_PRODUCTS_DIR; };
		0DBD26882A907A60004975C4 /* AppDelegate.swift */ = {isa = PBXFileReference; lastKnownFileType = sourcecode.swift; path = AppDelegate.swift; sourceTree = "<group>"; };
		0DBD268A2A907A60004975C4 /* SceneDelegate.swift */ = {isa = PBXFileReference; lastKnownFileType = sourcecode.swift; path = SceneDelegate.swift; sourceTree = "<group>"; };
		0DBD268C2A907A60004975C4 /* ViewController.swift */ = {isa = PBXFileReference; lastKnownFileType = sourcecode.swift; path = ViewController.swift; sourceTree = "<group>"; };
		0DBD26912A907A61004975C4 /* Assets.xcassets */ = {isa = PBXFileReference; lastKnownFileType = folder.assetcatalog; path = Assets.xcassets; sourceTree = "<group>"; };
		0DBD26942A907A61004975C4 /* Base */ = {isa = PBXFileReference; lastKnownFileType = file.storyboard; name = Base; path = Base.lproj/LaunchScreen.storyboard; sourceTree = "<group>"; };
		0DBD26962A907A61004975C4 /* Info.plist */ = {isa = PBXFileReference; lastKnownFileType = text.plist.xml; path = Info.plist; sourceTree = "<group>"; };
		0DBD26A22A907DE3004975C4 /* UIButton+.swift */ = {isa = PBXFileReference; lastKnownFileType = sourcecode.swift; path = "UIButton+.swift"; sourceTree = "<group>"; };
		0DBD26A42A907DF3004975C4 /* UICollectionView+.swift */ = {isa = PBXFileReference; lastKnownFileType = sourcecode.swift; path = "UICollectionView+.swift"; sourceTree = "<group>"; };
		0DBD26A62A907EE8004975C4 /* UIConstant.swift */ = {isa = PBXFileReference; lastKnownFileType = sourcecode.swift; path = UIConstant.swift; sourceTree = "<group>"; };
		0DBD26A82A907F2C004975C4 /* UIWindow+.swift */ = {isa = PBXFileReference; lastKnownFileType = sourcecode.swift; path = "UIWindow+.swift"; sourceTree = "<group>"; };
		0DBD26AA2A907F3E004975C4 /* UITableView+.swift */ = {isa = PBXFileReference; lastKnownFileType = sourcecode.swift; path = "UITableView+.swift"; sourceTree = "<group>"; };
		0DBD26AD2A908082004975C4 /* Collection+.swift */ = {isa = PBXFileReference; lastKnownFileType = sourcecode.swift; path = "Collection+.swift"; sourceTree = "<group>"; };
		0DBD26AF2A908094004975C4 /* Int+.swift */ = {isa = PBXFileReference; lastKnownFileType = sourcecode.swift; path = "Int+.swift"; sourceTree = "<group>"; };
		0DBD26B12A9080A8004975C4 /* NSMutableAttributedString+.swift */ = {isa = PBXFileReference; lastKnownFileType = sourcecode.swift; path = "NSMutableAttributedString+.swift"; sourceTree = "<group>"; };
		0DBD26B32A9080B4004975C4 /* Notification+.swift */ = {isa = PBXFileReference; lastKnownFileType = sourcecode.swift; path = "Notification+.swift"; sourceTree = "<group>"; };
		3B458BCE2A90A544003DAAD8 /* UIApplication+.swift */ = {isa = PBXFileReference; lastKnownFileType = sourcecode.swift; path = "UIApplication+.swift"; sourceTree = "<group>"; };
		0DEA9E872A909ACE002110CF /* UIImage+.swift */ = {isa = PBXFileReference; lastKnownFileType = sourcecode.swift; path = "UIImage+.swift"; sourceTree = "<group>"; };
		0DEA9E8B2A90A39F002110CF /* MainTabBarController.swift */ = {isa = PBXFileReference; lastKnownFileType = sourcecode.swift; path = MainTabBarController.swift; sourceTree = "<group>"; };
		0DEA9E8D2A90A400002110CF /* MainTab.swift */ = {isa = PBXFileReference; lastKnownFileType = sourcecode.swift; path = MainTab.swift; sourceTree = "<group>"; };
/* End PBXFileReference section */

/* Begin PBXFrameworksBuildPhase section */
		0DBD26822A907A60004975C4 /* Frameworks */ = {
			isa = PBXFrameworksBuildPhase;
			buildActionMask = 2147483647;
			files = (
				0DBD26BD2A909796004975C4 /* SnapKit in Frameworks */,
				0DBD26C02A909816004975C4 /* Alamofire in Frameworks */,
				0DBD26B72A90975A004975C4 /* Kingfisher in Frameworks */,
				0DBD26BA2A909780004975C4 /* Then in Frameworks */,
			);
			runOnlyForDeploymentPostprocessing = 0;
		};
/* End PBXFrameworksBuildPhase section */

/* Begin PBXGroup section */
		0DBD267C2A907A60004975C4 = {
			isa = PBXGroup;
			children = (
				0DBD26872A907A60004975C4 /* PinkHacker */,
				0DBD26862A907A60004975C4 /* Products */,
			);
			sourceTree = "<group>";
		};
		0DBD26862A907A60004975C4 /* Products */ = {
			isa = PBXGroup;
			children = (
				0DBD26852A907A60004975C4 /* PinkHacker.app */,
			);
			name = Products;
			sourceTree = "<group>";
		};
		0DBD26872A907A60004975C4 /* PinkHacker */ = {
			isa = PBXGroup;
			children = (
				0DBD269D2A907CCD004975C4 /* Source */,
				0DBD269C2A907CC8004975C4 /* Resource */,
			);
			path = PinkHacker;
			sourceTree = "<group>";
		};
		0DBD269C2A907CC8004975C4 /* Resource */ = {
			isa = PBXGroup;
			children = (
				0DBD26962A907A61004975C4 /* Info.plist */,
				0DBD26912A907A61004975C4 /* Assets.xcassets */,
				0DBD26932A907A61004975C4 /* LaunchScreen.storyboard */,
			);
			path = Resource;
			sourceTree = "<group>";
		};
		0DBD269D2A907CCD004975C4 /* Source */ = {
			isa = PBXGroup;
			children = (
				0DEA9E8A2A90A31E002110CF /* MainTab */,
				0DBD269E2A907DA6004975C4 /* Global */,
				0DBD26882A907A60004975C4 /* AppDelegate.swift */,
				0DBD268A2A907A60004975C4 /* SceneDelegate.swift */,
				0DBD268C2A907A60004975C4 /* ViewController.swift */,
			);
			path = Source;
			sourceTree = "<group>";
		};
		0DBD269E2A907DA6004975C4 /* Global */ = {
			isa = PBXGroup;
			children = (
				0DBD26A02A907DCA004975C4 /* Extension */,
			);
			path = Global;
			sourceTree = "<group>";
		};
		0DBD26A02A907DCA004975C4 /* Extension */ = {
			isa = PBXGroup;
			children = (
				0DBD26AC2A90807A004975C4 /* Foundation+ */,
				0DBD26A12A907DDA004975C4 /* UIKit+ */,
			);
			path = Extension;
			sourceTree = "<group>";
		};
		0DBD26A12A907DDA004975C4 /* UIKit+ */ = {
			isa = PBXGroup;
			children = (
				0DBD26A22A907DE3004975C4 /* UIButton+.swift */,
				0DBD26A42A907DF3004975C4 /* UICollectionView+.swift */,
				0DBD26A62A907EE8004975C4 /* UIConstant.swift */,
				0DBD26A82A907F2C004975C4 /* UIWindow+.swift */,
				0DBD26AA2A907F3E004975C4 /* UITableView+.swift */,
				3B458BCE2A90A544003DAAD8 /* UIApplication+.swift */,
				0DEA9E872A909ACE002110CF /* UIImage+.swift */,
			);
			path = "UIKit+";
			sourceTree = "<group>";
		};
		0DBD26AC2A90807A004975C4 /* Foundation+ */ = {
			isa = PBXGroup;
			children = (
				0DBD26AD2A908082004975C4 /* Collection+.swift */,
				0DBD26AF2A908094004975C4 /* Int+.swift */,
				0DBD26B12A9080A8004975C4 /* NSMutableAttributedString+.swift */,
				0DBD26B32A9080B4004975C4 /* Notification+.swift */,
			);
			path = "Foundation+";
			sourceTree = "<group>";
		};
		0DEA9E8A2A90A31E002110CF /* MainTab */ = {
			isa = PBXGroup;
			children = (
				0DEA9E8B2A90A39F002110CF /* MainTabBarController.swift */,
				0DEA9E8D2A90A400002110CF /* MainTab.swift */,
			);
			path = MainTab;
			sourceTree = "<group>";
		};
/* End PBXGroup section */

/* Begin PBXNativeTarget section */
		0DBD26842A907A60004975C4 /* PinkHacker */ = {
			isa = PBXNativeTarget;
			buildConfigurationList = 0DBD26992A907A61004975C4 /* Build configuration list for PBXNativeTarget "PinkHacker" */;
			buildPhases = (
				0DBD26812A907A60004975C4 /* Sources */,
				0DBD26822A907A60004975C4 /* Frameworks */,
				0DBD26832A907A60004975C4 /* Resources */,
			);
			buildRules = (
			);
			dependencies = (
			);
			name = PinkHacker;
			packageProductDependencies = (
				0DBD26B62A90975A004975C4 /* Kingfisher */,
				0DBD26B92A909780004975C4 /* Then */,
				0DBD26BC2A909796004975C4 /* SnapKit */,
				0DBD26BF2A909816004975C4 /* Alamofire */,
			);
			productName = PinkHacker;
			productReference = 0DBD26852A907A60004975C4 /* PinkHacker.app */;
			productType = "com.apple.product-type.application";
		};
/* End PBXNativeTarget section */

/* Begin PBXProject section */
		0DBD267D2A907A60004975C4 /* Project object */ = {
			isa = PBXProject;
			attributes = {
				BuildIndependentTargetsInParallel = 1;
				LastSwiftUpdateCheck = 1430;
				LastUpgradeCheck = 1430;
				TargetAttributes = {
					0DBD26842A907A60004975C4 = {
						CreatedOnToolsVersion = 14.3.1;
					};
				};
			};
			buildConfigurationList = 0DBD26802A907A60004975C4 /* Build configuration list for PBXProject "PinkHacker" */;
			compatibilityVersion = "Xcode 14.0";
			developmentRegion = en;
			hasScannedForEncodings = 0;
			knownRegions = (
				en,
				Base,
			);
			mainGroup = 0DBD267C2A907A60004975C4;
			packageReferences = (
				0DBD26B52A90975A004975C4 /* XCRemoteSwiftPackageReference "Kingfisher" */,
				0DBD26B82A909780004975C4 /* XCRemoteSwiftPackageReference "Then" */,
				0DBD26BB2A909796004975C4 /* XCRemoteSwiftPackageReference "SnapKit" */,
				0DBD26BE2A909816004975C4 /* XCRemoteSwiftPackageReference "Alamofire" */,
			);
			productRefGroup = 0DBD26862A907A60004975C4 /* Products */;
			projectDirPath = "";
			projectRoot = "";
			targets = (
				0DBD26842A907A60004975C4 /* PinkHacker */,
			);
		};
/* End PBXProject section */

/* Begin PBXResourcesBuildPhase section */
		0DBD26832A907A60004975C4 /* Resources */ = {
			isa = PBXResourcesBuildPhase;
			buildActionMask = 2147483647;
			files = (
				0DBD26952A907A61004975C4 /* LaunchScreen.storyboard in Resources */,
				0DBD26922A907A61004975C4 /* Assets.xcassets in Resources */,
			);
			runOnlyForDeploymentPostprocessing = 0;
		};
/* End PBXResourcesBuildPhase section */

/* Begin PBXSourcesBuildPhase section */
		0DBD26812A907A60004975C4 /* Sources */ = {
			isa = PBXSourcesBuildPhase;
			buildActionMask = 2147483647;
			files = (
				0DBD268D2A907A60004975C4 /* ViewController.swift in Sources */,
				0DBD26B22A9080A8004975C4 /* NSMutableAttributedString+.swift in Sources */,
				3B458BCF2A90A544003DAAD8 /* UIApplication+.swift in Sources */,
				0DBD26AB2A907F3E004975C4 /* UITableView+.swift in Sources */,
				0DBD26AE2A908082004975C4 /* Collection+.swift in Sources */,
				0DEA9E8E2A90A400002110CF /* MainTab.swift in Sources */,
				0DBD26A92A907F2C004975C4 /* UIWindow+.swift in Sources */,
				0DBD26892A907A60004975C4 /* AppDelegate.swift in Sources */,
				0DBD268B2A907A60004975C4 /* SceneDelegate.swift in Sources */,
				0DBD26A32A907DE3004975C4 /* UIButton+.swift in Sources */,
				0DBD26B42A9080B4004975C4 /* Notification+.swift in Sources */,
				0DEA9E882A909ACE002110CF /* UIImage+.swift in Sources */,
				0DEA9E8C2A90A39F002110CF /* MainTabBarController.swift in Sources */,
				0DBD26B02A908094004975C4 /* Int+.swift in Sources */,
				0DBD26A52A907DF3004975C4 /* UICollectionView+.swift in Sources */,
				0DBD26A72A907EE8004975C4 /* UIConstant.swift in Sources */,
			);
			runOnlyForDeploymentPostprocessing = 0;
		};
/* End PBXSourcesBuildPhase section */

/* Begin PBXVariantGroup section */
		0DBD26932A907A61004975C4 /* LaunchScreen.storyboard */ = {
			isa = PBXVariantGroup;
			children = (
				0DBD26942A907A61004975C4 /* Base */,
			);
			name = LaunchScreen.storyboard;
			sourceTree = "<group>";
		};
/* End PBXVariantGroup section */

/* Begin XCBuildConfiguration section */
		0DBD26972A907A61004975C4 /* Debug */ = {
			isa = XCBuildConfiguration;
			buildSettings = {
				ALWAYS_SEARCH_USER_PATHS = NO;
				CLANG_ANALYZER_NONNULL = YES;
				CLANG_ANALYZER_NUMBER_OBJECT_CONVERSION = YES_AGGRESSIVE;
				CLANG_CXX_LANGUAGE_STANDARD = "gnu++20";
				CLANG_ENABLE_MODULES = YES;
				CLANG_ENABLE_OBJC_ARC = YES;
				CLANG_ENABLE_OBJC_WEAK = YES;
				CLANG_WARN_BLOCK_CAPTURE_AUTORELEASING = YES;
				CLANG_WARN_BOOL_CONVERSION = YES;
				CLANG_WARN_COMMA = YES;
				CLANG_WARN_CONSTANT_CONVERSION = YES;
				CLANG_WARN_DEPRECATED_OBJC_IMPLEMENTATIONS = YES;
				CLANG_WARN_DIRECT_OBJC_ISA_USAGE = YES_ERROR;
				CLANG_WARN_DOCUMENTATION_COMMENTS = YES;
				CLANG_WARN_EMPTY_BODY = YES;
				CLANG_WARN_ENUM_CONVERSION = YES;
				CLANG_WARN_INFINITE_RECURSION = YES;
				CLANG_WARN_INT_CONVERSION = YES;
				CLANG_WARN_NON_LITERAL_NULL_CONVERSION = YES;
				CLANG_WARN_OBJC_IMPLICIT_RETAIN_SELF = YES;
				CLANG_WARN_OBJC_LITERAL_CONVERSION = YES;
				CLANG_WARN_OBJC_ROOT_CLASS = YES_ERROR;
				CLANG_WARN_QUOTED_INCLUDE_IN_FRAMEWORK_HEADER = YES;
				CLANG_WARN_RANGE_LOOP_ANALYSIS = YES;
				CLANG_WARN_STRICT_PROTOTYPES = YES;
				CLANG_WARN_SUSPICIOUS_MOVE = YES;
				CLANG_WARN_UNGUARDED_AVAILABILITY = YES_AGGRESSIVE;
				CLANG_WARN_UNREACHABLE_CODE = YES;
				CLANG_WARN__DUPLICATE_METHOD_MATCH = YES;
				COPY_PHASE_STRIP = NO;
				DEBUG_INFORMATION_FORMAT = dwarf;
				ENABLE_STRICT_OBJC_MSGSEND = YES;
				ENABLE_TESTABILITY = YES;
				GCC_C_LANGUAGE_STANDARD = gnu11;
				GCC_DYNAMIC_NO_PIC = NO;
				GCC_NO_COMMON_BLOCKS = YES;
				GCC_OPTIMIZATION_LEVEL = 0;
				GCC_PREPROCESSOR_DEFINITIONS = (
					"DEBUG=1",
					"$(inherited)",
				);
				GCC_WARN_64_TO_32_BIT_CONVERSION = YES;
				GCC_WARN_ABOUT_RETURN_TYPE = YES_ERROR;
				GCC_WARN_UNDECLARED_SELECTOR = YES;
				GCC_WARN_UNINITIALIZED_AUTOS = YES_AGGRESSIVE;
				GCC_WARN_UNUSED_FUNCTION = YES;
				GCC_WARN_UNUSED_VARIABLE = YES;
				IPHONEOS_DEPLOYMENT_TARGET = 16.4;
				MTL_ENABLE_DEBUG_INFO = INCLUDE_SOURCE;
				MTL_FAST_MATH = YES;
				ONLY_ACTIVE_ARCH = YES;
				SDKROOT = iphoneos;
				SWIFT_ACTIVE_COMPILATION_CONDITIONS = DEBUG;
				SWIFT_OPTIMIZATION_LEVEL = "-Onone";
			};
			name = Debug;
		};
		0DBD26982A907A61004975C4 /* Release */ = {
			isa = XCBuildConfiguration;
			buildSettings = {
				ALWAYS_SEARCH_USER_PATHS = NO;
				CLANG_ANALYZER_NONNULL = YES;
				CLANG_ANALYZER_NUMBER_OBJECT_CONVERSION = YES_AGGRESSIVE;
				CLANG_CXX_LANGUAGE_STANDARD = "gnu++20";
				CLANG_ENABLE_MODULES = YES;
				CLANG_ENABLE_OBJC_ARC = YES;
				CLANG_ENABLE_OBJC_WEAK = YES;
				CLANG_WARN_BLOCK_CAPTURE_AUTORELEASING = YES;
				CLANG_WARN_BOOL_CONVERSION = YES;
				CLANG_WARN_COMMA = YES;
				CLANG_WARN_CONSTANT_CONVERSION = YES;
				CLANG_WARN_DEPRECATED_OBJC_IMPLEMENTATIONS = YES;
				CLANG_WARN_DIRECT_OBJC_ISA_USAGE = YES_ERROR;
				CLANG_WARN_DOCUMENTATION_COMMENTS = YES;
				CLANG_WARN_EMPTY_BODY = YES;
				CLANG_WARN_ENUM_CONVERSION = YES;
				CLANG_WARN_INFINITE_RECURSION = YES;
				CLANG_WARN_INT_CONVERSION = YES;
				CLANG_WARN_NON_LITERAL_NULL_CONVERSION = YES;
				CLANG_WARN_OBJC_IMPLICIT_RETAIN_SELF = YES;
				CLANG_WARN_OBJC_LITERAL_CONVERSION = YES;
				CLANG_WARN_OBJC_ROOT_CLASS = YES_ERROR;
				CLANG_WARN_QUOTED_INCLUDE_IN_FRAMEWORK_HEADER = YES;
				CLANG_WARN_RANGE_LOOP_ANALYSIS = YES;
				CLANG_WARN_STRICT_PROTOTYPES = YES;
				CLANG_WARN_SUSPICIOUS_MOVE = YES;
				CLANG_WARN_UNGUARDED_AVAILABILITY = YES_AGGRESSIVE;
				CLANG_WARN_UNREACHABLE_CODE = YES;
				CLANG_WARN__DUPLICATE_METHOD_MATCH = YES;
				COPY_PHASE_STRIP = NO;
				DEBUG_INFORMATION_FORMAT = "dwarf-with-dsym";
				ENABLE_NS_ASSERTIONS = NO;
				ENABLE_STRICT_OBJC_MSGSEND = YES;
				GCC_C_LANGUAGE_STANDARD = gnu11;
				GCC_NO_COMMON_BLOCKS = YES;
				GCC_WARN_64_TO_32_BIT_CONVERSION = YES;
				GCC_WARN_ABOUT_RETURN_TYPE = YES_ERROR;
				GCC_WARN_UNDECLARED_SELECTOR = YES;
				GCC_WARN_UNINITIALIZED_AUTOS = YES_AGGRESSIVE;
				GCC_WARN_UNUSED_FUNCTION = YES;
				GCC_WARN_UNUSED_VARIABLE = YES;
				IPHONEOS_DEPLOYMENT_TARGET = 16.4;
				MTL_ENABLE_DEBUG_INFO = NO;
				MTL_FAST_MATH = YES;
				SDKROOT = iphoneos;
				SWIFT_COMPILATION_MODE = wholemodule;
				SWIFT_OPTIMIZATION_LEVEL = "-O";
				VALIDATE_PRODUCT = YES;
			};
			name = Release;
		};
		0DBD269A2A907A61004975C4 /* Debug */ = {
			isa = XCBuildConfiguration;
			buildSettings = {
				ASSETCATALOG_COMPILER_APPICON_NAME = AppIcon;
				ASSETCATALOG_COMPILER_GLOBAL_ACCENT_COLOR_NAME = AccentColor;
				CODE_SIGN_STYLE = Automatic;
				CURRENT_PROJECT_VERSION = 1;
				GENERATE_INFOPLIST_FILE = YES;
				INFOPLIST_FILE = PinkHacker/Resource/Info.plist;
				INFOPLIST_KEY_UIApplicationSupportsIndirectInputEvents = YES;
				INFOPLIST_KEY_UILaunchStoryboardName = LaunchScreen;
				INFOPLIST_KEY_UISupportedInterfaceOrientations = UIInterfaceOrientationPortrait;
				LD_RUNPATH_SEARCH_PATHS = (
					"$(inherited)",
					"@executable_path/Frameworks",
				);
				MARKETING_VERSION = 1.0;
				PRODUCT_BUNDLE_IDENTIFIER = "com.pink-hacker.PinkHacker";
				PRODUCT_NAME = "$(TARGET_NAME)";
				SWIFT_EMIT_LOC_STRINGS = YES;
				SWIFT_VERSION = 5.0;
				TARGETED_DEVICE_FAMILY = "1,2";
			};
			name = Debug;
		};
		0DBD269B2A907A61004975C4 /* Release */ = {
			isa = XCBuildConfiguration;
			buildSettings = {
				ASSETCATALOG_COMPILER_APPICON_NAME = AppIcon;
				ASSETCATALOG_COMPILER_GLOBAL_ACCENT_COLOR_NAME = AccentColor;
				CODE_SIGN_STYLE = Automatic;
				CURRENT_PROJECT_VERSION = 1;
				GENERATE_INFOPLIST_FILE = YES;
				INFOPLIST_FILE = PinkHacker/Resource/Info.plist;
				INFOPLIST_KEY_UIApplicationSupportsIndirectInputEvents = YES;
				INFOPLIST_KEY_UILaunchStoryboardName = LaunchScreen;
				INFOPLIST_KEY_UISupportedInterfaceOrientations = UIInterfaceOrientationPortrait;
				LD_RUNPATH_SEARCH_PATHS = (
					"$(inherited)",
					"@executable_path/Frameworks",
				);
				MARKETING_VERSION = 1.0;
				PRODUCT_BUNDLE_IDENTIFIER = "com.pink-hacker.PinkHacker";
				PRODUCT_NAME = "$(TARGET_NAME)";
				SWIFT_EMIT_LOC_STRINGS = YES;
				SWIFT_VERSION = 5.0;
				TARGETED_DEVICE_FAMILY = "1,2";
			};
			name = Release;
		};
/* End XCBuildConfiguration section */

/* Begin XCConfigurationList section */
		0DBD26802A907A60004975C4 /* Build configuration list for PBXProject "PinkHacker" */ = {
			isa = XCConfigurationList;
			buildConfigurations = (
				0DBD26972A907A61004975C4 /* Debug */,
				0DBD26982A907A61004975C4 /* Release */,
			);
			defaultConfigurationIsVisible = 0;
			defaultConfigurationName = Release;
		};
		0DBD26992A907A61004975C4 /* Build configuration list for PBXNativeTarget "PinkHacker" */ = {
			isa = XCConfigurationList;
			buildConfigurations = (
				0DBD269A2A907A61004975C4 /* Debug */,
				0DBD269B2A907A61004975C4 /* Release */,
			);
			defaultConfigurationIsVisible = 0;
			defaultConfigurationName = Release;
		};
/* End XCConfigurationList section */

/* Begin XCRemoteSwiftPackageReference section */
		0DBD26B52A90975A004975C4 /* XCRemoteSwiftPackageReference "Kingfisher" */ = {
			isa = XCRemoteSwiftPackageReference;
			repositoryURL = "https://github.com/onevcat/Kingfisher.git";
			requirement = {
				kind = upToNextMajorVersion;
				minimumVersion = 7.0.0;
			};
		};
		0DBD26B82A909780004975C4 /* XCRemoteSwiftPackageReference "Then" */ = {
			isa = XCRemoteSwiftPackageReference;
			repositoryURL = "https://github.com/devxoul/Then.git";
			requirement = {
				kind = upToNextMajorVersion;
				minimumVersion = 3.0.0;
			};
		};
		0DBD26BB2A909796004975C4 /* XCRemoteSwiftPackageReference "SnapKit" */ = {
			isa = XCRemoteSwiftPackageReference;
			repositoryURL = "https://github.com/SnapKit/SnapKit.git";
			requirement = {
				kind = upToNextMajorVersion;
				minimumVersion = 5.0.0;
			};
		};
		0DBD26BE2A909816004975C4 /* XCRemoteSwiftPackageReference "Alamofire" */ = {
			isa = XCRemoteSwiftPackageReference;
			repositoryURL = "https://github.com/Alamofire/Alamofire.git";
			requirement = {
				kind = upToNextMajorVersion;
				minimumVersion = 5.0.0;
			};
		};
/* End XCRemoteSwiftPackageReference section */

/* Begin XCSwiftPackageProductDependency section */
		0DBD26B62A90975A004975C4 /* Kingfisher */ = {
			isa = XCSwiftPackageProductDependency;
			package = 0DBD26B52A90975A004975C4 /* XCRemoteSwiftPackageReference "Kingfisher" */;
			productName = Kingfisher;
		};
		0DBD26B92A909780004975C4 /* Then */ = {
			isa = XCSwiftPackageProductDependency;
			package = 0DBD26B82A909780004975C4 /* XCRemoteSwiftPackageReference "Then" */;
			productName = Then;
		};
		0DBD26BC2A909796004975C4 /* SnapKit */ = {
			isa = XCSwiftPackageProductDependency;
			package = 0DBD26BB2A909796004975C4 /* XCRemoteSwiftPackageReference "SnapKit" */;
			productName = SnapKit;
		};
		0DBD26BF2A909816004975C4 /* Alamofire */ = {
			isa = XCSwiftPackageProductDependency;
			package = 0DBD26BE2A909816004975C4 /* XCRemoteSwiftPackageReference "Alamofire" */;
			productName = Alamofire;
		};
/* End XCSwiftPackageProductDependency section */
	};
	rootObject = 0DBD267D2A907A60004975C4 /* Project object */;
}
